
Microsoft Visual Studio Solution File, Format Version 12.00
# Visual Studio Version 17
VisualStudioVersion = 17.2.32616.157
MinimumVisualStudioVersion = 10.0.40219.1
Project("{9A19103F-16F7-4668-BE54-9A1E7A4F7556}") = "RadancyBanking", "RadancyBanking\RadancyBanking.csproj", "{60EC71E2-F28E-4C89-8F8D-DEA94D0D9346}"
EndProject
Project("{E53339B2-1760-4266-BCC7-CA923CBCF16C}") = "docker-compose", "docker-compose.dcproj", "{370E2306-EC8E-491D-B755-0E45C05715A1}"
EndProject
Project("{9A19103F-16F7-4668-BE54-9A1E7A4F7556}") = "RadancyBanking.Services", "RadancyBanking.Services\RadancyBanking.Services.csproj", "{C41367BF-85AF-47FD-A378-EBA228C4AADD}"
EndProject
Project("{9A19103F-16F7-4668-BE54-9A1E7A4F7556}") = "RandacyBanking.Repositories", "RandacyBanking.Repositories\RandacyBanking.Repositories.csproj", "{A0ED2E8E-2BD1-4D1E-BA26-5A3FB29A1B8B}"
EndProject
Project("{9A19103F-16F7-4668-BE54-9A1E7A4F7556}") = "RadancyBanking.DomainModels", "RadancyBanking.DomainModels\RadancyBanking.DomainModels.csproj", "{C0D2EDE6-5047-4DCE-A141-B65C09EAE000}"
EndProject
Project("{9A19103F-16F7-4668-BE54-9A1E7A4F7556}") = "RadancyBanking.DataModels", "RadancyBanking.DataModels\RadancyBanking.DataModels.csproj", "{8657F7E5-E948-4738-B9F7-30AA24D1BFC9}"
EndProject
Project("{9A19103F-16F7-4668-BE54-9A1E7A4F7556}") = "RadancyBanking.Repositories.Tests", "RadancyBanking.Repositories.Tests\RadancyBanking.Repositories.Tests.csproj", "{DF8592CE-FAF3-45A0-95DF-7AF76BD453E9}"
EndProject
Project("{9A19103F-16F7-4668-BE54-9A1E7A4F7556}") = "RadancyBanking.Services.Tests", "RadancyBanking.Services.Tests\RadancyBanking.Services.Tests.csproj", "{DC72DF69-4123-4317-9D41-56FFEACAB538}"
EndProject
Project("{9A19103F-16F7-4668-BE54-9A1E7A4F7556}") = "RadancyBanking.Enumerations", "RadancyBanking.Enumerations\RadancyBanking.Enumerations.csproj", "{FE0B243F-B21B-4B67-B85B-1A343A1531DE}"
EndProject
Project("{FAE04EC0-301F-11D3-BF4B-00C04F79EFBC}") = "RadancyBanking.DomainModels.Tests", "RadancyBanking.DomainModels.Tests\RadancyBanking.DomainModels.Tests.csproj", "{74FBCC58-51C6-4720-9CCE-D145FE698706}"
EndProject
Global
	GlobalSection(SolutionConfigurationPlatforms) = preSolution
		Debug|Any CPU = Debug|Any CPU
		Release|Any CPU = Release|Any CPU
	EndGlobalSection
	GlobalSection(ProjectConfigurationPlatforms) = postSolution
		{60EC71E2-F28E-4C89-8F8D-DEA94D0D9346}.Debug|Any CPU.ActiveCfg = Debug|Any CPU
		{60EC71E2-F28E-4C89-8F8D-DEA94D0D9346}.Debug|Any CPU.Build.0 = Debug|Any CPU
		{60EC71E2-F28E-4C89-8F8D-DEA94D0D9346}.Release|Any CPU.ActiveCfg = Release|Any CPU
		{60EC71E2-F28E-4C89-8F8D-DEA94D0D9346}.Release|Any CPU.Build.0 = Release|Any CPU
		{370E2306-EC8E-491D-B755-0E45C05715A1}.Debug|Any CPU.ActiveCfg = Debug|Any CPU
		{370E2306-EC8E-491D-B755-0E45C05715A1}.Debug|Any CPU.Build.0 = Debug|Any CPU
		{370E2306-EC8E-491D-B755-0E45C05715A1}.Release|Any CPU.ActiveCfg = Release|Any CPU
		{370E2306-EC8E-491D-B755-0E45C05715A1}.Release|Any CPU.Build.0 = Release|Any CPU
		{C41367BF-85AF-47FD-A378-EBA228C4AADD}.Debug|Any CPU.ActiveCfg = Debug|Any CPU
		{C41367BF-85AF-47FD-A378-EBA228C4AADD}.Debug|Any CPU.Build.0 = Debug|Any CPU
		{C41367BF-85AF-47FD-A378-EBA228C4AADD}.Release|Any CPU.ActiveCfg = Release|Any CPU
		{C41367BF-85AF-47FD-A378-EBA228C4AADD}.Release|Any CPU.Build.0 = Release|Any CPU
		{A0ED2E8E-2BD1-4D1E-BA26-5A3FB29A1B8B}.Debug|Any CPU.ActiveCfg = Debug|Any CPU
		{A0ED2E8E-2BD1-4D1E-BA26-5A3FB29A1B8B}.Debug|Any CPU.Build.0 = Debug|Any CPU
		{A0ED2E8E-2BD1-4D1E-BA26-5A3FB29A1B8B}.Release|Any CPU.ActiveCfg = Release|Any CPU
		{A0ED2E8E-2BD1-4D1E-BA26-5A3FB29A1B8B}.Release|Any CPU.Build.0 = Release|Any CPU
		{C0D2EDE6-5047-4DCE-A141-B65C09EAE000}.Debug|Any CPU.ActiveCfg = Debug|Any CPU
		{C0D2EDE6-5047-4DCE-A141-B65C09EAE000}.Debug|Any CPU.Build.0 = Debug|Any CPU
		{C0D2EDE6-5047-4DCE-A141-B65C09EAE000}.Release|Any CPU.ActiveCfg = Release|Any CPU
		{C0D2EDE6-5047-4DCE-A141-B65C09EAE000}.Release|Any CPU.Build.0 = Release|Any CPU
		{8657F7E5-E948-4738-B9F7-30AA24D1BFC9}.Debug|Any CPU.ActiveCfg = Debug|Any CPU
		{8657F7E5-E948-4738-B9F7-30AA24D1BFC9}.Debug|Any CPU.Build.0 = Debug|Any CPU
		{8657F7E5-E948-4738-B9F7-30AA24D1BFC9}.Release|Any CPU.ActiveCfg = Release|Any CPU
		{8657F7E5-E948-4738-B9F7-30AA24D1BFC9}.Release|Any CPU.Build.0 = Release|Any CPU
		{DF8592CE-FAF3-45A0-95DF-7AF76BD453E9}.Debug|Any CPU.ActiveCfg = Debug|Any CPU
		{DF8592CE-FAF3-45A0-95DF-7AF76BD453E9}.Debug|Any CPU.Build.0 = Debug|Any CPU
		{DF8592CE-FAF3-45A0-95DF-7AF76BD453E9}.Release|Any CPU.ActiveCfg = Release|Any CPU
		{DF8592CE-FAF3-45A0-95DF-7AF76BD453E9}.Release|Any CPU.Build.0 = Release|Any CPU
		{DC72DF69-4123-4317-9D41-56FFEACAB538}.Debug|Any CPU.ActiveCfg = Debug|Any CPU
		{DC72DF69-4123-4317-9D41-56FFEACAB538}.Debug|Any CPU.Build.0 = Debug|Any CPU
		{DC72DF69-4123-4317-9D41-56FFEACAB538}.Release|Any CPU.ActiveCfg = Release|Any CPU
		{DC72DF69-4123-4317-9D41-56FFEACAB538}.Release|Any CPU.Build.0 = Release|Any CPU
		{FE0B243F-B21B-4B67-B85B-1A343A1531DE}.Debug|Any CPU.ActiveCfg = Debug|Any CPU
		{FE0B243F-B21B-4B67-B85B-1A343A1531DE}.Debug|Any CPU.Build.0 = Debug|Any CPU
		{FE0B243F-B21B-4B67-B85B-1A343A1531DE}.Release|Any CPU.ActiveCfg = Release|Any CPU
		{FE0B243F-B21B-4B67-B85B-1A343A1531DE}.Release|Any CPU.Build.0 = Release|Any CPU
		{74FBCC58-51C6-4720-9CCE-D145FE698706}.Debug|Any CPU.ActiveCfg = Debug|Any CPU
		{74FBCC58-51C6-4720-9CCE-D145FE698706}.Debug|Any CPU.Build.0 = Debug|Any CPU
		{74FBCC58-51C6-4720-9CCE-D145FE698706}.Release|Any CPU.ActiveCfg = Release|Any CPU
		{74FBCC58-51C6-4720-9CCE-D145FE698706}.Release|Any CPU.Build.0 = Release|Any CPU
	EndGlobalSection
	GlobalSection(SolutionProperties) = preSolution
		HideSolutionNode = FALSE
	EndGlobalSection
	GlobalSection(ExtensibilityGlobals) = postSolution
		SolutionGuid = {137E64CB-F5BC-4D88-BAFB-674F1C00693D}
	EndGlobalSection
EndGlobal
